
Microsoft Visual Studio Solution File, Format Version 12.00
# Visual Studio Version 17
VisualStudioVersion = 17.4.33213.308
MinimumVisualStudioVersion = 10.0.40219.1
Project("{FAE04EC0-301F-11D3-BF4B-00C04F79EFBC}") = "Deliverable 4", "Deliverable 4\Deliverable 4.csproj", "{676F8ED9-180D-4BB0-9FE4-37531098E6C7}"
EndProject
Global
	GlobalSection(SolutionConfigurationPlatforms) = preSolution
		Debug|Any CPU = Debug|Any CPU
		Release|Any CPU = Release|Any CPU
	EndGlobalSection
	GlobalSection(ProjectConfigurationPlatforms) = postSolution
		{676F8ED9-180D-4BB0-9FE4-37531098E6C7}.Debug|Any CPU.ActiveCfg = Debug|Any CPU
		{676F8ED9-180D-4BB0-9FE4-37531098E6C7}.Debug|Any CPU.Build.0 = Debug|Any CPU
		{676F8ED9-180D-4BB0-9FE4-37531098E6C7}.Release|Any CPU.ActiveCfg = Release|Any CPU
		{676F8ED9-180D-4BB0-9FE4-37531098E6C7}.Release|Any CPU.Build.0 = Release|Any CPU
	EndGlobalSection
	GlobalSection(SolutionProperties) = preSolution
		HideSolutionNode = FALSE
	EndGlobalSection
	GlobalSection(ExtensibilityGlobals) = postSolution
		SolutionGuid = {420AFBA4-5474-489E-9C65-8EAB4E3EA249}
	EndGlobalSection
EndGlobal
